// !$*UTF8*$!
{
	archiveVersion = 1;
	classes = {
	};
	objectVersion = 46;
	objects = {

/* Begin PBXBuildFile section */
		2214AD2E1F1661B900F9EBA7 /* LogInViewController.swift in Sources */ = {isa = PBXBuildFile; fileRef = 2214AD2D1F1661B900F9EBA7 /* LogInViewController.swift */; };
		22208DCF1EFD50EA007DA39D /* MenuBar.swift in Sources */ = {isa = PBXBuildFile; fileRef = 22208DCE1EFD50EA007DA39D /* MenuBar.swift */; };
		22208DD31F03C1A7007DA39D /* ButtonSpeaking.swift in Sources */ = {isa = PBXBuildFile; fileRef = 22208DD21F03C1A6007DA39D /* ButtonSpeaking.swift */; };
		22208DD71F03E61C007DA39D /* ExpandAnimator.swift in Sources */ = {isa = PBXBuildFile; fileRef = 22208DD61F03E61C007DA39D /* ExpandAnimator.swift */; };
		22208DD91F03F268007DA39D /* EventDetails.swift in Sources */ = {isa = PBXBuildFile; fileRef = 22208DD81F03F268007DA39D /* EventDetails.swift */; };
		22208DDB1F06561A007DA39D /* CloseOnScrollDown.swift in Sources */ = {isa = PBXBuildFile; fileRef = 22208DDA1F06561A007DA39D /* CloseOnScrollDown.swift */; };
		22208DDD1F066F17007DA39D /* Gradient.swift in Sources */ = {isa = PBXBuildFile; fileRef = 22208DDC1F066F17007DA39D /* Gradient.swift */; };
		22208DDF1F067CBC007DA39D /* GradientInv.swift in Sources */ = {isa = PBXBuildFile; fileRef = 22208DDE1F067CBC007DA39D /* GradientInv.swift */; };
		2227D59F1F0A78B500F09669 /* CircularTransition.swift in Sources */ = {isa = PBXBuildFile; fileRef = 2227D59E1F0A78B500F09669 /* CircularTransition.swift */; };
		2227FF151F13CDDB0032AA30 /* UIView+BezierPaths.swift in Sources */ = {isa = PBXBuildFile; fileRef = 2227FF141F13CDDB0032AA30 /* UIView+BezierPaths.swift */; };
		2228F76B1F0A41E500F3C94A /* CanvasButton.swift in Sources */ = {isa = PBXBuildFile; fileRef = 2228F76A1F0A41E500F3C94A /* CanvasButton.swift */; };
		22419E9D1F1932F400F4735A /* SignInViewController.swift in Sources */ = {isa = PBXBuildFile; fileRef = 22419E9C1F1932F400F4735A /* SignInViewController.swift */; };
		2252541D1F06EFA8005F1FF7 /* MapsViewController.swift in Sources */ = {isa = PBXBuildFile; fileRef = 2252541C1F06EFA8005F1FF7 /* MapsViewController.swift */; };
		225254221F06F1E0005F1FF7 /* Venezia.gpx in Resources */ = {isa = PBXBuildFile; fileRef = 2252541E1F06F1E0005F1FF7 /* Venezia.gpx */; };
		225254231F06F1E0005F1FF7 /* CaNoghera.gpx in Resources */ = {isa = PBXBuildFile; fileRef = 2252541F1F06F1E0005F1FF7 /* CaNoghera.gpx */; };
		225254241F06F1E0005F1FF7 /* Mestre.gpx in Resources */ = {isa = PBXBuildFile; fileRef = 225254201F06F1E0005F1FF7 /* Mestre.gpx */; };
		225254251F06F1E0005F1FF7 /* SanGeremia.gpx in Resources */ = {isa = PBXBuildFile; fileRef = 225254211F06F1E0005F1FF7 /* SanGeremia.gpx */; };
		225254271F06F4BB005F1FF7 /* CasinoAnnotation.swift in Sources */ = {isa = PBXBuildFile; fileRef = 225254261F06F4BB005F1FF7 /* CasinoAnnotation.swift */; };
		22630A1F1F0F98AE00168D1F /* Location.swift in Sources */ = {isa = PBXBuildFile; fileRef = 22630A1E1F0F98AE00168D1F /* Location.swift */; };
		22630A251F0FBD9200168D1F /* PersonDetailMapView.xib in Resources */ = {isa = PBXBuildFile; fileRef = 22630A241F0FBD9200168D1F /* PersonDetailMapView.xib */; };
		22630A271F0FBDAF00168D1F /* PersonDetailMapView.swift in Sources */ = {isa = PBXBuildFile; fileRef = 22630A261F0FBDAF00168D1F /* PersonDetailMapView.swift */; };
		2276810A202C8E61009B308C /* VideoLuncher.swift in Sources */ = {isa = PBXBuildFile; fileRef = 22768109202C8E61009B308C /* VideoLuncher.swift */; };
		22899D8D201A00EE000CDE7E /* CMVLogInFirebaseUI.swift in Sources */ = {isa = PBXBuildFile; fileRef = 22899D8C201A00EE000CDE7E /* CMVLogInFirebaseUI.swift */; };
		229583951EFCFDC700409D7A /* AppDelegate.swift in Sources */ = {isa = PBXBuildFile; fileRef = 2295838D1EFCFDC700409D7A /* AppDelegate.swift */; };
		229583961EFCFDC700409D7A /* Constants.swift in Sources */ = {isa = PBXBuildFile; fileRef = 2295838F1EFCFDC700409D7A /* Constants.swift */; };
		229583971EFCFDC700409D7A /* EventListCell.swift in Sources */ = {isa = PBXBuildFile; fileRef = 229583901EFCFDC700409D7A /* EventListCell.swift */; };
		229583981EFCFDC700409D7A /* HomeController.swift in Sources */ = {isa = PBXBuildFile; fileRef = 229583911EFCFDC700409D7A /* HomeController.swift */; };
		2295839A1EFCFDC700409D7A /* Main.storyboard in Resources */ = {isa = PBXBuildFile; fileRef = 229583931EFCFDC700409D7A /* Main.storyboard */; };
		2295839B1EFCFDC700409D7A /* sediciNoni.png in Resources */ = {isa = PBXBuildFile; fileRef = 229583941EFCFDC700409D7A /* sediciNoni.png */; };
		2295839E1EFD02BB00409D7A /* GoogleService-Info.plist in Resources */ = {isa = PBXBuildFile; fileRef = 2295839D1EFD02BB00409D7A /* GoogleService-Info.plist */; };
		229583A01EFD13AA00409D7A /* Events.swift in Sources */ = {isa = PBXBuildFile; fileRef = 2295839F1EFD13AA00409D7A /* Events.swift */; };
		229AACCC202EFB7800644394 /* heart.json in Resources */ = {isa = PBXBuildFile; fileRef = 229AACCB202EFB7800644394 /* heart.json */; };
		229AACCE202F0F9E00644394 /* Cuore.swift in Sources */ = {isa = PBXBuildFile; fileRef = 229AACCD202F0F9E00644394 /* Cuore.swift */; };
		22C3C301202CAA26004E4145 /* Tornei.swift in Sources */ = {isa = PBXBuildFile; fileRef = 22C3C300202CAA26004E4145 /* Tornei.swift */; };
		22C3C303202D9B53004E4145 /* TorneiDetails.swift in Sources */ = {isa = PBXBuildFile; fileRef = 22C3C302202D9B53004E4145 /* TorneiDetails.swift */; };
		22CF448B181A9AD70062FC38 /* Casino__di_VeneziaTests.m in Sources */ = {isa = PBXBuildFile; fileRef = 22CF448A181A9AD70062FC38 /* Casino__di_VeneziaTests.m */; };
		22D406D62022216C00D71A6F /* Images.xcassets in Resources */ = {isa = PBXBuildFile; fileRef = 22D406D52022216A00D71A6F /* Images.xcassets */; };
		22D406D82023281F00D71A6F /* StyleKit.swift in Sources */ = {isa = PBXBuildFile; fileRef = 22D406D72023281E00D71A6F /* StyleKit.swift */; };
		22D406DB202328DF00D71A6F /* Dove.swift in Sources */ = {isa = PBXBuildFile; fileRef = 22D406DA202328DF00D71A6F /* Dove.swift */; };
		22E8A901202B5BAC000C3CBE /* Sezione.swift in Sources */ = {isa = PBXBuildFile; fileRef = 22E8A900202B5BAC000C3CBE /* Sezione.swift */; };
		22E8A903202C4754000C3CBE /* EventCell.xib in Resources */ = {isa = PBXBuildFile; fileRef = 22E8A902202C4754000C3CBE /* EventCell.xib */; };
		22E8A905202C660F000C3CBE /* TorneiCell.swift in Sources */ = {isa = PBXBuildFile; fileRef = 22E8A904202C660F000C3CBE /* TorneiCell.swift */; };
		22E8A908202C68CF000C3CBE /* LoadDatabase.swift in Sources */ = {isa = PBXBuildFile; fileRef = 22E8A907202C68CF000C3CBE /* LoadDatabase.swift */; };
		22E93AE11F0BF8D800675342 /* CasinoAnnotationView.swift in Sources */ = {isa = PBXBuildFile; fileRef = 22E93AE01F0BF8D800675342 /* CasinoAnnotationView.swift */; };
		22EB73592024A43200759094 /* Quando.swift in Sources */ = {isa = PBXBuildFile; fileRef = 22EB73582024A43200759094 /* Quando.swift */; };
		A34396063423EBBAC13846CC /* Pods_Casino__di_Venezia.framework in Frameworks */ = {isa = PBXBuildFile; fileRef = 6F7BF60459BDF63750E622B8 /* Pods_Casino__di_Venezia.framework */; };
		F6EAD3FB606CEFED596C5709 /* Pods_Casino__di_VeneziaTests.framework in Frameworks */ = {isa = PBXBuildFile; fileRef = 1D50E0540626459F2E41608E /* Pods_Casino__di_VeneziaTests.framework */; };
/* End PBXBuildFile section */

/* Begin PBXContainerItemProxy section */
		22CF4482181A9AD70062FC38 /* PBXContainerItemProxy */ = {
			isa = PBXContainerItemProxy;
			containerPortal = 22CF4451181A9AD70062FC38 /* Project object */;
			proxyType = 1;
			remoteGlobalIDString = 22CF4458181A9AD70062FC38;
			remoteInfo = "Casinò di Venezia";
		};
/* End PBXContainerItemProxy section */

/* Begin PBXFileReference section */
		0E8526CA15B3B18DA96C3E36 /* Pods-Casinò di Venezia.debug.xcconfig */ = {isa = PBXFileReference; includeInIndex = 1; lastKnownFileType = text.xcconfig; name = "Pods-Casinò di Venezia.debug.xcconfig"; path = "Pods/Target Support Files/Pods-Casinò di Venezia/Pods-Casinò di Venezia.debug.xcconfig"; sourceTree = "<group>"; };
		1D50E0540626459F2E41608E /* Pods_Casino__di_VeneziaTests.framework */ = {isa = PBXFileReference; explicitFileType = wrapper.framework; includeInIndex = 0; path = Pods_Casino__di_VeneziaTests.framework; sourceTree = BUILT_PRODUCTS_DIR; };
		2214AD2D1F1661B900F9EBA7 /* LogInViewController.swift */ = {isa = PBXFileReference; fileEncoding = 4; lastKnownFileType = sourcecode.swift; name = LogInViewController.swift; path = "Casinò di Venezia/LogInViewController.swift"; sourceTree = "<group>"; };
		22208DCE1EFD50EA007DA39D /* MenuBar.swift */ = {isa = PBXFileReference; fileEncoding = 4; lastKnownFileType = sourcecode.swift; name = MenuBar.swift; path = "Casinò di Venezia/MenuBar.swift"; sourceTree = "<group>"; };
		22208DD21F03C1A6007DA39D /* ButtonSpeaking.swift */ = {isa = PBXFileReference; fileEncoding = 4; lastKnownFileType = sourcecode.swift; name = ButtonSpeaking.swift; path = "Casinò di Venezia/ButtonSpeaking.swift"; sourceTree = "<group>"; };
		22208DD61F03E61C007DA39D /* ExpandAnimator.swift */ = {isa = PBXFileReference; fileEncoding = 4; lastKnownFileType = sourcecode.swift; path = ExpandAnimator.swift; sourceTree = "<group>"; };
		22208DD81F03F268007DA39D /* EventDetails.swift */ = {isa = PBXFileReference; fileEncoding = 4; lastKnownFileType = sourcecode.swift; name = EventDetails.swift; path = "Casinò di Venezia/EventDetails.swift"; sourceTree = "<group>"; };
		22208DDA1F06561A007DA39D /* CloseOnScrollDown.swift */ = {isa = PBXFileReference; fileEncoding = 4; lastKnownFileType = sourcecode.swift; name = CloseOnScrollDown.swift; path = "Casinò di Venezia/CloseOnScrollDown.swift"; sourceTree = "<group>"; };
		22208DDC1F066F17007DA39D /* Gradient.swift */ = {isa = PBXFileReference; fileEncoding = 4; lastKnownFileType = sourcecode.swift; name = Gradient.swift; path = "Casinò di Venezia/Gradient.swift"; sourceTree = "<group>"; };
		22208DDE1F067CBC007DA39D /* GradientInv.swift */ = {isa = PBXFileReference; fileEncoding = 4; lastKnownFileType = sourcecode.swift; name = GradientInv.swift; path = "Casinò di Venezia/GradientInv.swift"; sourceTree = "<group>"; };
		2227D59E1F0A78B500F09669 /* CircularTransition.swift */ = {isa = PBXFileReference; fileEncoding = 4; lastKnownFileType = sourcecode.swift; name = CircularTransition.swift; path = "Casinò di Venezia/CircularTransition.swift"; sourceTree = "<group>"; };
		2227FF141F13CDDB0032AA30 /* UIView+BezierPaths.swift */ = {isa = PBXFileReference; fileEncoding = 4; lastKnownFileType = sourcecode.swift; path = "UIView+BezierPaths.swift"; sourceTree = "<group>"; };
		2228F76A1F0A41E500F3C94A /* CanvasButton.swift */ = {isa = PBXFileReference; fileEncoding = 4; lastKnownFileType = sourcecode.swift; name = CanvasButton.swift; path = "Casinò di Venezia/CanvasButton.swift"; sourceTree = "<group>"; };
		22419E9C1F1932F400F4735A /* SignInViewController.swift */ = {isa = PBXFileReference; fileEncoding = 4; lastKnownFileType = sourcecode.swift; name = SignInViewController.swift; path = "Casinò di Venezia/SignInViewController.swift"; sourceTree = "<group>"; };
		2252541C1F06EFA8005F1FF7 /* MapsViewController.swift */ = {isa = PBXFileReference; fileEncoding = 4; lastKnownFileType = sourcecode.swift; name = MapsViewController.swift; path = "Casinò di Venezia/MapsViewController.swift"; sourceTree = "<group>"; };
		2252541E1F06F1E0005F1FF7 /* Venezia.gpx */ = {isa = PBXFileReference; fileEncoding = 4; lastKnownFileType = text.xml; path = Venezia.gpx; sourceTree = "<group>"; };
		2252541F1F06F1E0005F1FF7 /* CaNoghera.gpx */ = {isa = PBXFileReference; fileEncoding = 4; lastKnownFileType = text.xml; path = CaNoghera.gpx; sourceTree = "<group>"; };
		225254201F06F1E0005F1FF7 /* Mestre.gpx */ = {isa = PBXFileReference; fileEncoding = 4; lastKnownFileType = text.xml; path = Mestre.gpx; sourceTree = "<group>"; };
		225254211F06F1E0005F1FF7 /* SanGeremia.gpx */ = {isa = PBXFileReference; fileEncoding = 4; lastKnownFileType = text.xml; path = SanGeremia.gpx; sourceTree = "<group>"; };
		225254261F06F4BB005F1FF7 /* CasinoAnnotation.swift */ = {isa = PBXFileReference; fileEncoding = 4; lastKnownFileType = sourcecode.swift; name = CasinoAnnotation.swift; path = "Casinò di Venezia/CasinoAnnotation.swift"; sourceTree = "<group>"; };
		22630A1E1F0F98AE00168D1F /* Location.swift */ = {isa = PBXFileReference; fileEncoding = 4; lastKnownFileType = sourcecode.swift; name = Location.swift; path = "Casinò di Venezia/Location.swift"; sourceTree = "<group>"; };
		22630A241F0FBD9200168D1F /* PersonDetailMapView.xib */ = {isa = PBXFileReference; fileEncoding = 4; lastKnownFileType = file.xib; path = PersonDetailMapView.xib; sourceTree = "<group>"; };
		22630A261F0FBDAF00168D1F /* PersonDetailMapView.swift */ = {isa = PBXFileReference; fileEncoding = 4; lastKnownFileType = sourcecode.swift; path = PersonDetailMapView.swift; sourceTree = "<group>"; };
		22768109202C8E61009B308C /* VideoLuncher.swift */ = {isa = PBXFileReference; lastKnownFileType = sourcecode.swift; path = VideoLuncher.swift; sourceTree = "<group>"; };
		22899D8C201A00EE000CDE7E /* CMVLogInFirebaseUI.swift */ = {isa = PBXFileReference; lastKnownFileType = sourcecode.swift; path = CMVLogInFirebaseUI.swift; sourceTree = "<group>"; };
		2295838D1EFCFDC700409D7A /* AppDelegate.swift */ = {isa = PBXFileReference; fileEncoding = 4; lastKnownFileType = sourcecode.swift; name = AppDelegate.swift; path = "Casinò di Venezia/AppDelegate.swift"; sourceTree = "<group>"; };
		2295838F1EFCFDC700409D7A /* Constants.swift */ = {isa = PBXFileReference; fileEncoding = 4; lastKnownFileType = sourcecode.swift; name = Constants.swift; path = "Casinò di Venezia/Constants.swift"; sourceTree = "<group>"; };
		229583901EFCFDC700409D7A /* EventListCell.swift */ = {isa = PBXFileReference; fileEncoding = 4; lastKnownFileType = sourcecode.swift; name = EventListCell.swift; path = "Casinò di Venezia/EventListCell.swift"; sourceTree = "<group>"; };
		229583911EFCFDC700409D7A /* HomeController.swift */ = {isa = PBXFileReference; fileEncoding = 4; lastKnownFileType = sourcecode.swift; name = HomeController.swift; path = "Casinò di Venezia/HomeController.swift"; sourceTree = "<group>"; };
		229583921EFCFDC700409D7A /* Info.plist */ = {isa = PBXFileReference; fileEncoding = 4; lastKnownFileType = text.plist.xml; name = Info.plist; path = "Casinò di Venezia/Info.plist"; sourceTree = "<group>"; };
		229583931EFCFDC700409D7A /* Main.storyboard */ = {isa = PBXFileReference; fileEncoding = 4; lastKnownFileType = file.storyboard; name = Main.storyboard; path = "Casinò di Venezia/Main.storyboard"; sourceTree = "<group>"; };
		229583941EFCFDC700409D7A /* sediciNoni.png */ = {isa = PBXFileReference; lastKnownFileType = image.png; name = sediciNoni.png; path = "Casinò di Venezia/sediciNoni.png"; sourceTree = "<group>"; };
		2295839D1EFD02BB00409D7A /* GoogleService-Info.plist */ = {isa = PBXFileReference; fileEncoding = 4; lastKnownFileType = text.plist.xml; path = "GoogleService-Info.plist"; sourceTree = "<group>"; };
		2295839F1EFD13AA00409D7A /* Events.swift */ = {isa = PBXFileReference; fileEncoding = 4; lastKnownFileType = sourcecode.swift; name = Events.swift; path = "Casinò di Venezia/Events.swift"; sourceTree = "<group>"; };
		229AACCB202EFB7800644394 /* heart.json */ = {isa = PBXFileReference; fileEncoding = 4; lastKnownFileType = text.json; path = heart.json; sourceTree = "<group>"; };
		229AACCD202F0F9E00644394 /* Cuore.swift */ = {isa = PBXFileReference; lastKnownFileType = sourcecode.swift; path = Cuore.swift; sourceTree = "<group>"; };
		22A65A07185EF5AE0018FD0C /* Casinò di Venezia.entitlements */ = {isa = PBXFileReference; lastKnownFileType = text.xml; path = "Casinò di Venezia.entitlements"; sourceTree = "<group>"; };
		22C3C300202CAA26004E4145 /* Tornei.swift */ = {isa = PBXFileReference; lastKnownFileType = sourcecode.swift; path = Tornei.swift; sourceTree = "<group>"; };
		22C3C302202D9B53004E4145 /* TorneiDetails.swift */ = {isa = PBXFileReference; lastKnownFileType = sourcecode.swift; path = TorneiDetails.swift; sourceTree = "<group>"; };
		22CF4459181A9AD70062FC38 /* Casinò di Venezia.app */ = {isa = PBXFileReference; explicitFileType = wrapper.application; includeInIndex = 0; path = "Casinò di Venezia.app"; sourceTree = BUILT_PRODUCTS_DIR; };
		22CF447D181A9AD70062FC38 /* Casinò di VeneziaTests.xctest */ = {isa = PBXFileReference; explicitFileType = wrapper.cfbundle; includeInIndex = 0; path = "Casinò di VeneziaTests.xctest"; sourceTree = BUILT_PRODUCTS_DIR; };
		22CF4486181A9AD70062FC38 /* Casinò di VeneziaTests-Info.plist */ = {isa = PBXFileReference; lastKnownFileType = text.plist.xml; path = "Casinò di VeneziaTests-Info.plist"; sourceTree = "<group>"; };
		22CF448A181A9AD70062FC38 /* Casino__di_VeneziaTests.m */ = {isa = PBXFileReference; lastKnownFileType = sourcecode.c.objc; path = Casino__di_VeneziaTests.m; sourceTree = "<group>"; };
		22D406D52022216A00D71A6F /* Images.xcassets */ = {isa = PBXFileReference; lastKnownFileType = folder.assetcatalog; name = Images.xcassets; path = "Casinò di Venezia/Images.xcassets"; sourceTree = "<group>"; };
		22D406D72023281E00D71A6F /* StyleKit.swift */ = {isa = PBXFileReference; fileEncoding = 4; lastKnownFileType = sourcecode.swift; name = StyleKit.swift; path = "Casinò di Venezia/StyleKit.swift"; sourceTree = "<group>"; };
		22D406DA202328DF00D71A6F /* Dove.swift */ = {isa = PBXFileReference; lastKnownFileType = sourcecode.swift; name = Dove.swift; path = "Casinò di Venezia/Dove.swift"; sourceTree = "<group>"; };
		22DAAD34189FE77F00435B50 /* Restaurant.plist */ = {isa = PBXFileReference; fileEncoding = 4; lastKnownFileType = text.plist.xml; path = Restaurant.plist; sourceTree = "<group>"; };
		22E8A900202B5BAC000C3CBE /* Sezione.swift */ = {isa = PBXFileReference; lastKnownFileType = sourcecode.swift; path = Sezione.swift; sourceTree = "<group>"; };
		22E8A902202C4754000C3CBE /* EventCell.xib */ = {isa = PBXFileReference; lastKnownFileType = file.xib; path = EventCell.xib; sourceTree = "<group>"; };
		22E8A904202C660F000C3CBE /* TorneiCell.swift */ = {isa = PBXFileReference; lastKnownFileType = sourcecode.swift; path = TorneiCell.swift; sourceTree = "<group>"; };
		22E8A907202C68CF000C3CBE /* LoadDatabase.swift */ = {isa = PBXFileReference; lastKnownFileType = sourcecode.swift; path = LoadDatabase.swift; sourceTree = "<group>"; };
		22E93AE01F0BF8D800675342 /* CasinoAnnotationView.swift */ = {isa = PBXFileReference; fileEncoding = 4; lastKnownFileType = sourcecode.swift; name = CasinoAnnotationView.swift; path = "Casinò di Venezia/CasinoAnnotationView.swift"; sourceTree = "<group>"; };
		22EB73582024A43200759094 /* Quando.swift */ = {isa = PBXFileReference; lastKnownFileType = sourcecode.swift; path = Quando.swift; sourceTree = "<group>"; };
		6F7BF60459BDF63750E622B8 /* Pods_Casino__di_Venezia.framework */ = {isa = PBXFileReference; explicitFileType = wrapper.framework; includeInIndex = 0; path = Pods_Casino__di_Venezia.framework; sourceTree = BUILT_PRODUCTS_DIR; };
		DA45BB608DD76C9B8ED16D0E /* Pods-Casinò di VeneziaTests.debug.xcconfig */ = {isa = PBXFileReference; includeInIndex = 1; lastKnownFileType = text.xcconfig; name = "Pods-Casinò di VeneziaTests.debug.xcconfig"; path = "Pods/Target Support Files/Pods-Casinò di VeneziaTests/Pods-Casinò di VeneziaTests.debug.xcconfig"; sourceTree = "<group>"; };
		E39FA7C9CB046AA71D005EB0 /* Pods-Casinò di VeneziaTests.release.xcconfig */ = {isa = PBXFileReference; includeInIndex = 1; lastKnownFileType = text.xcconfig; name = "Pods-Casinò di VeneziaTests.release.xcconfig"; path = "Pods/Target Support Files/Pods-Casinò di VeneziaTests/Pods-Casinò di VeneziaTests.release.xcconfig"; sourceTree = "<group>"; };
		F86106F5BAC1D488CEE70E8D /* Pods-Casinò di Venezia.release.xcconfig */ = {isa = PBXFileReference; includeInIndex = 1; lastKnownFileType = text.xcconfig; name = "Pods-Casinò di Venezia.release.xcconfig"; path = "Pods/Target Support Files/Pods-Casinò di Venezia/Pods-Casinò di Venezia.release.xcconfig"; sourceTree = "<group>"; };
/* End PBXFileReference section */

/* Begin PBXFrameworksBuildPhase section */
		22CF4456181A9AD70062FC38 /* Frameworks */ = {
			isa = PBXFrameworksBuildPhase;
			buildActionMask = 2147483647;
			files = (
				A34396063423EBBAC13846CC /* Pods_Casino__di_Venezia.framework in Frameworks */,
			);
			runOnlyForDeploymentPostprocessing = 0;
		};
		22CF447A181A9AD70062FC38 /* Frameworks */ = {
			isa = PBXFrameworksBuildPhase;
			buildActionMask = 2147483647;
			files = (
				F6EAD3FB606CEFED596C5709 /* Pods_Casino__di_VeneziaTests.framework in Frameworks */,
			);
			runOnlyForDeploymentPostprocessing = 0;
		};
/* End PBXFrameworksBuildPhase section */

/* Begin PBXGroup section */
		0936A82C789D172118EE7B8F /* Pods */ = {
			isa = PBXGroup;
			children = (
				0E8526CA15B3B18DA96C3E36 /* Pods-Casinò di Venezia.debug.xcconfig */,
				F86106F5BAC1D488CEE70E8D /* Pods-Casinò di Venezia.release.xcconfig */,
				DA45BB608DD76C9B8ED16D0E /* Pods-Casinò di VeneziaTests.debug.xcconfig */,
				E39FA7C9CB046AA71D005EB0 /* Pods-Casinò di VeneziaTests.release.xcconfig */,
			);
			name = Pods;
			sourceTree = "<group>";
		};
		2214AD2F1F1665E400F9EBA7 /* LogIn */ = {
			isa = PBXGroup;
			children = (
				2214AD2D1F1661B900F9EBA7 /* LogInViewController.swift */,
				22419E9C1F1932F400F4735A /* SignInViewController.swift */,
				22899D8C201A00EE000CDE7E /* CMVLogInFirebaseUI.swift */,
			);
			name = LogIn;
			sourceTree = "<group>";
		};
		2227D5A01F0A9A9300F09669 /* Transition */ = {
			isa = PBXGroup;
			children = (
				22208DD61F03E61C007DA39D /* ExpandAnimator.swift */,
				2227D59E1F0A78B500F09669 /* CircularTransition.swift */,
			);
			name = Transition;
			sourceTree = "<group>";
		};
		2227FF161F13CDE70032AA30 /* Categories and Extensions */ = {
			isa = PBXGroup;
			children = (
				2227FF141F13CDDB0032AA30 /* UIView+BezierPaths.swift */,
			);
			name = "Categories and Extensions";
			sourceTree = "<group>";
		};
		22768108202C8E4C009B308C /* Helper */ = {
			isa = PBXGroup;
			children = (
				22768109202C8E61009B308C /* VideoLuncher.swift */,
			);
			name = Helper;
			sourceTree = "<group>";
		};
		229AACC8202EF74000644394 /* Lottie */ = {
			isa = PBXGroup;
			children = (
				229AACCB202EFB7800644394 /* heart.json */,
				229AACCD202F0F9E00644394 /* Cuore.swift */,
			);
			name = Lottie;
			sourceTree = "<group>";
		};
		22C3C2FF202CAA05004E4145 /* Data structure */ = {
			isa = PBXGroup;
			children = (
				2295839F1EFD13AA00409D7A /* Events.swift */,
				22C3C300202CAA26004E4145 /* Tornei.swift */,
			);
			name = "Data structure";
			sourceTree = "<group>";
		};
		22CF4450181A9AD70062FC38 = {
			isa = PBXGroup;
			children = (
				2227FF161F13CDE70032AA30 /* Categories and Extensions */,
				2252541E1F06F1E0005F1FF7 /* Venezia.gpx */,
				22D406D72023281E00D71A6F /* StyleKit.swift */,
				22D406D52022216A00D71A6F /* Images.xcassets */,
				2252541F1F06F1E0005F1FF7 /* CaNoghera.gpx */,
				225254201F06F1E0005F1FF7 /* Mestre.gpx */,
				225254211F06F1E0005F1FF7 /* SanGeremia.gpx */,
				2295839D1EFD02BB00409D7A /* GoogleService-Info.plist */,
				229AACC8202EF74000644394 /* Lottie */,
				22768108202C8E4C009B308C /* Helper */,
				22E8A8FC20289E2E000C3CBE /* View */,
				2295838D1EFCFDC700409D7A /* AppDelegate.swift */,
				22208DDC1F066F17007DA39D /* Gradient.swift */,
				2228F76A1F0A41E500F3C94A /* CanvasButton.swift */,
				22208DDE1F067CBC007DA39D /* GradientInv.swift */,
				22208DDA1F06561A007DA39D /* CloseOnScrollDown.swift */,
				22E8A906202C687B000C3CBE /* Fetch Database */,
				2214AD2F1F1665E400F9EBA7 /* LogIn */,
				2227D5A01F0A9A9300F09669 /* Transition */,
				22D406D9202328B300D71A6F /* Design */,
				22208DD21F03C1A6007DA39D /* ButtonSpeaking.swift */,
				2295838F1EFCFDC700409D7A /* Constants.swift */,
				22E93ADF1F0BF84C00675342 /* Maps */,
				22E8A8FF202B5B47000C3CBE /* Controller */,
				22C3C2FF202CAA05004E4145 /* Data structure */,
				229583921EFCFDC700409D7A /* Info.plist */,
				229583931EFCFDC700409D7A /* Main.storyboard */,
				229583941EFCFDC700409D7A /* sediciNoni.png */,
				22CF4462181A9AD70062FC38 /* Casinò di Venezia */,
				22CF4484181A9AD70062FC38 /* Casinò di VeneziaTests */,
				22CF445A181A9AD70062FC38 /* Products */,
				0936A82C789D172118EE7B8F /* Pods */,
				69CAEFE764E8D28F53DE18B5 /* Frameworks */,
			);
			sourceTree = "<group>";
		};
		22CF445A181A9AD70062FC38 /* Products */ = {
			isa = PBXGroup;
			children = (
				22CF4459181A9AD70062FC38 /* Casinò di Venezia.app */,
				22CF447D181A9AD70062FC38 /* Casinò di VeneziaTests.xctest */,
			);
			name = Products;
			sourceTree = "<group>";
		};
		22CF4462181A9AD70062FC38 /* Casinò di Venezia */ = {
			isa = PBXGroup;
			children = (
				22A65A07185EF5AE0018FD0C /* Casinò di Venezia.entitlements */,
				22CF4463181A9AD70062FC38 /* Supporting Files */,
			);
			path = "Casinò di Venezia";
			sourceTree = "<group>";
		};
		22CF4463181A9AD70062FC38 /* Supporting Files */ = {
			isa = PBXGroup;
			children = (
				22DAAD34189FE77F00435B50 /* Restaurant.plist */,
			);
			name = "Supporting Files";
			sourceTree = "<group>";
		};
		22CF4484181A9AD70062FC38 /* Casinò di VeneziaTests */ = {
			isa = PBXGroup;
			children = (
				22CF448A181A9AD70062FC38 /* Casino__di_VeneziaTests.m */,
				22CF4485181A9AD70062FC38 /* Supporting Files */,
			);
			path = "Casinò di VeneziaTests";
			sourceTree = "<group>";
		};
		22CF4485181A9AD70062FC38 /* Supporting Files */ = {
			isa = PBXGroup;
			children = (
				22CF4486181A9AD70062FC38 /* Casinò di VeneziaTests-Info.plist */,
			);
			name = "Supporting Files";
			sourceTree = "<group>";
		};
		22D406D9202328B300D71A6F /* Design */ = {
			isa = PBXGroup;
			children = (
				22D406DA202328DF00D71A6F /* Dove.swift */,
				22EB73582024A43200759094 /* Quando.swift */,
			);
			name = Design;
			sourceTree = "<group>";
		};
		22E8A8FC20289E2E000C3CBE /* View */ = {
			isa = PBXGroup;
			children = (
				22208DCE1EFD50EA007DA39D /* MenuBar.swift */,
				22E8A900202B5BAC000C3CBE /* Sezione.swift */,
				22E8A902202C4754000C3CBE /* EventCell.xib */,
				22E8A904202C660F000C3CBE /* TorneiCell.swift */,
				22208DD81F03F268007DA39D /* EventDetails.swift */,
				22C3C302202D9B53004E4145 /* TorneiDetails.swift */,
				229583901EFCFDC700409D7A /* EventListCell.swift */,
			);
			name = View;
			sourceTree = "<group>";
		};
		22E8A8FF202B5B47000C3CBE /* Controller */ = {
			isa = PBXGroup;
			children = (
				229583911EFCFDC700409D7A /* HomeController.swift */,
			);
			name = Controller;
			sourceTree = "<group>";
		};
		22E8A906202C687B000C3CBE /* Fetch Database */ = {
			isa = PBXGroup;
			children = (
				22E8A907202C68CF000C3CBE /* LoadDatabase.swift */,
			);
			name = "Fetch Database";
			sourceTree = "<group>";
		};
		22E93ADF1F0BF84C00675342 /* Maps */ = {
			isa = PBXGroup;
			children = (
				22630A261F0FBDAF00168D1F /* PersonDetailMapView.swift */,
				22630A241F0FBD9200168D1F /* PersonDetailMapView.xib */,
				2252541C1F06EFA8005F1FF7 /* MapsViewController.swift */,
				22630A1E1F0F98AE00168D1F /* Location.swift */,
				22E93AE01F0BF8D800675342 /* CasinoAnnotationView.swift */,
				225254261F06F4BB005F1FF7 /* CasinoAnnotation.swift */,
			);
			name = Maps;
			sourceTree = "<group>";
		};
		69CAEFE764E8D28F53DE18B5 /* Frameworks */ = {
			isa = PBXGroup;
			children = (
				6F7BF60459BDF63750E622B8 /* Pods_Casino__di_Venezia.framework */,
				1D50E0540626459F2E41608E /* Pods_Casino__di_VeneziaTests.framework */,
			);
			name = Frameworks;
			sourceTree = "<group>";
		};
/* End PBXGroup section */

/* Begin PBXNativeTarget section */
		22CF4458181A9AD70062FC38 /* Casinò di Venezia */ = {
			isa = PBXNativeTarget;
			buildConfigurationList = 22CF448E181A9AD70062FC38 /* Build configuration list for PBXNativeTarget "Casinò di Venezia" */;
			buildPhases = (
				85643AF956E3D849E7DD39EE /* [CP] Check Pods Manifest.lock */,
				22CF4455181A9AD70062FC38 /* Sources */,
				22CF4456181A9AD70062FC38 /* Frameworks */,
				22CF4457181A9AD70062FC38 /* Resources */,
				A00B2351ACED315F8C494068 /* [CP] Embed Pods Frameworks */,
				AC1BCC0A7E993C7B855BB227 /* [CP] Copy Pods Resources */,
			);
			buildRules = (
			);
			dependencies = (
			);
			name = "Casinò di Venezia";
			productName = "Casinò di Venezia";
			productReference = 22CF4459181A9AD70062FC38 /* Casinò di Venezia.app */;
			productType = "com.apple.product-type.application";
		};
		22CF447C181A9AD70062FC38 /* Casinò di VeneziaTests */ = {
			isa = PBXNativeTarget;
			buildConfigurationList = 22CF4491181A9AD70062FC38 /* Build configuration list for PBXNativeTarget "Casinò di VeneziaTests" */;
			buildPhases = (
				279F0E336046A05B77038A6C /* [CP] Check Pods Manifest.lock */,
				22CF4479181A9AD70062FC38 /* Sources */,
				22CF447A181A9AD70062FC38 /* Frameworks */,
				22CF447B181A9AD70062FC38 /* Resources */,
				343193DD57F9F25219C2DEFA /* [CP] Embed Pods Frameworks */,
				2DD4A5115AF3152CCB696637 /* [CP] Copy Pods Resources */,
			);
			buildRules = (
			);
			dependencies = (
				22CF4483181A9AD70062FC38 /* PBXTargetDependency */,
			);
			name = "Casinò di VeneziaTests";
			productName = "Casinò di VeneziaTests";
			productReference = 22CF447D181A9AD70062FC38 /* Casinò di VeneziaTests.xctest */;
			productType = "com.apple.product-type.bundle.unit-test";
		};
/* End PBXNativeTarget section */

/* Begin PBXProject section */
		22CF4451181A9AD70062FC38 /* Project object */ = {
			isa = PBXProject;
			attributes = {
				CLASSPREFIX = CMV;
				LastUpgradeCheck = 0830;
				ORGANIZATIONNAME = "Casinò di Venezia SPA";
				TargetAttributes = {
					22CF4458181A9AD70062FC38 = {
						DevelopmentTeam = 93MU66AW6P;
						LastSwiftMigration = 0800;
						SystemCapabilities = {
							com.apple.InAppPurchase = {
								enabled = 0;
							};
							com.apple.InterAppAudio = {
								enabled = 0;
							};
							com.apple.Push = {
								enabled = 1;
							};
							com.apple.SafariKeychain = {
								enabled = 1;
							};
						};
					};
					22CF447C181A9AD70062FC38 = {
						DevelopmentTeam = 93MU66AW6P;
						TestTargetID = 22CF4458181A9AD70062FC38;
					};
				};
			};
			buildConfigurationList = 22CF4454181A9AD70062FC38 /* Build configuration list for PBXProject "Casinò di Venezia" */;
			compatibilityVersion = "Xcode 3.2";
			developmentRegion = English;
			hasScannedForEncodings = 0;
			knownRegions = (
				en,
				Base,
				it,
				fr,
				de,
				"zh-Hans",
				es,
				ru,
			);
			mainGroup = 22CF4450181A9AD70062FC38;
			productRefGroup = 22CF445A181A9AD70062FC38 /* Products */;
			projectDirPath = "";
			projectRoot = "";
			targets = (
				22CF4458181A9AD70062FC38 /* Casinò di Venezia */,
				22CF447C181A9AD70062FC38 /* Casinò di VeneziaTests */,
			);
		};
/* End PBXProject section */

/* Begin PBXResourcesBuildPhase section */
		22CF4457181A9AD70062FC38 /* Resources */ = {
			isa = PBXResourcesBuildPhase;
			buildActionMask = 2147483647;
			files = (
				22D406D62022216C00D71A6F /* Images.xcassets in Resources */,
				225254231F06F1E0005F1FF7 /* CaNoghera.gpx in Resources */,
				2295839B1EFCFDC700409D7A /* sediciNoni.png in Resources */,
				225254221F06F1E0005F1FF7 /* Venezia.gpx in Resources */,
				229AACCC202EFB7800644394 /* heart.json in Resources */,
				225254241F06F1E0005F1FF7 /* Mestre.gpx in Resources */,
				22630A251F0FBD9200168D1F /* PersonDetailMapView.xib in Resources */,
				2295839E1EFD02BB00409D7A /* GoogleService-Info.plist in Resources */,
				2295839A1EFCFDC700409D7A /* Main.storyboard in Resources */,
				22E8A903202C4754000C3CBE /* EventCell.xib in Resources */,
				225254251F06F1E0005F1FF7 /* SanGeremia.gpx in Resources */,
			);
			runOnlyForDeploymentPostprocessing = 0;
		};
		22CF447B181A9AD70062FC38 /* Resources */ = {
			isa = PBXResourcesBuildPhase;
			buildActionMask = 2147483647;
			files = (
			);
			runOnlyForDeploymentPostprocessing = 0;
		};
/* End PBXResourcesBuildPhase section */

/* Begin PBXShellScriptBuildPhase section */
		279F0E336046A05B77038A6C /* [CP] Check Pods Manifest.lock */ = {
			isa = PBXShellScriptBuildPhase;
			buildActionMask = 2147483647;
			files = (
			);
			inputPaths = (
				"${PODS_PODFILE_DIR_PATH}/Podfile.lock",
				"${PODS_ROOT}/Manifest.lock",
			);
			name = "[CP] Check Pods Manifest.lock";
			outputPaths = (
				"$(DERIVED_FILE_DIR)/Pods-Casinò di VeneziaTests-checkManifestLockResult.txt",
			);
			runOnlyForDeploymentPostprocessing = 0;
			shellPath = /bin/sh;
			shellScript = "diff \"${PODS_PODFILE_DIR_PATH}/Podfile.lock\" \"${PODS_ROOT}/Manifest.lock\" > /dev/null\nif [ $? != 0 ] ; then\n    # print error to STDERR\n    echo \"error: The sandbox is not in sync with the Podfile.lock. Run 'pod install' or update your CocoaPods installation.\" >&2\n    exit 1\nfi\n# This output is used by Xcode 'outputs' to avoid re-running this script phase.\necho \"SUCCESS\" > \"${SCRIPT_OUTPUT_FILE_0}\"\n";
			showEnvVarsInLog = 0;
		};
		2DD4A5115AF3152CCB696637 /* [CP] Copy Pods Resources */ = {
			isa = PBXShellScriptBuildPhase;
			buildActionMask = 2147483647;
			files = (
			);
			inputPaths = (
			);
			name = "[CP] Copy Pods Resources";
			outputPaths = (
			);
			runOnlyForDeploymentPostprocessing = 0;
			shellPath = /bin/sh;
			shellScript = "\"${SRCROOT}/Pods/Target Support Files/Pods-Casinò di VeneziaTests/Pods-Casinò di VeneziaTests-resources.sh\"\n";
			showEnvVarsInLog = 0;
		};
		343193DD57F9F25219C2DEFA /* [CP] Embed Pods Frameworks */ = {
			isa = PBXShellScriptBuildPhase;
			buildActionMask = 2147483647;
			files = (
			);
			inputPaths = (
			);
			name = "[CP] Embed Pods Frameworks";
			outputPaths = (
			);
			runOnlyForDeploymentPostprocessing = 0;
			shellPath = /bin/sh;
			shellScript = "\"${SRCROOT}/Pods/Target Support Files/Pods-Casinò di VeneziaTests/Pods-Casinò di VeneziaTests-frameworks.sh\"\n";
			showEnvVarsInLog = 0;
		};
		85643AF956E3D849E7DD39EE /* [CP] Check Pods Manifest.lock */ = {
			isa = PBXShellScriptBuildPhase;
			buildActionMask = 2147483647;
			files = (
			);
			inputPaths = (
				"${PODS_PODFILE_DIR_PATH}/Podfile.lock",
				"${PODS_ROOT}/Manifest.lock",
			);
			name = "[CP] Check Pods Manifest.lock";
			outputPaths = (
				"$(DERIVED_FILE_DIR)/Pods-Casinò di Venezia-checkManifestLockResult.txt",
			);
			runOnlyForDeploymentPostprocessing = 0;
			shellPath = /bin/sh;
			shellScript = "diff \"${PODS_PODFILE_DIR_PATH}/Podfile.lock\" \"${PODS_ROOT}/Manifest.lock\" > /dev/null\nif [ $? != 0 ] ; then\n    # print error to STDERR\n    echo \"error: The sandbox is not in sync with the Podfile.lock. Run 'pod install' or update your CocoaPods installation.\" >&2\n    exit 1\nfi\n# This output is used by Xcode 'outputs' to avoid re-running this script phase.\necho \"SUCCESS\" > \"${SCRIPT_OUTPUT_FILE_0}\"\n";
			showEnvVarsInLog = 0;
		};
		A00B2351ACED315F8C494068 /* [CP] Embed Pods Frameworks */ = {
			isa = PBXShellScriptBuildPhase;
			buildActionMask = 2147483647;
			files = (
			);
			inputPaths = (
				"${SRCROOT}/Pods/Target Support Files/Pods-Casinò di Venezia/Pods-Casinò di Venezia-frameworks.sh",
				"${BUILT_PRODUCTS_DIR}/Bolts/Bolts.framework",
				"${BUILT_PRODUCTS_DIR}/Canvas/Canvas.framework",
				"${BUILT_PRODUCTS_DIR}/FBSDKCoreKit/FBSDKCoreKit.framework",
				"${BUILT_PRODUCTS_DIR}/FBSDKLoginKit/FBSDKLoginKit.framework",
				"${BUILT_PRODUCTS_DIR}/GTMOAuth2/GTMOAuth2.framework",
				"${BUILT_PRODUCTS_DIR}/GTMSessionFetcher/GTMSessionFetcher.framework",
				"${BUILT_PRODUCTS_DIR}/GoogleToolboxForMac/GoogleToolboxForMac.framework",
				"${BUILT_PRODUCTS_DIR}/Pageboy/Pageboy.framework",
				"${BUILT_PRODUCTS_DIR}/PureLayout/PureLayout.framework",
				"${BUILT_PRODUCTS_DIR}/SDWebImage/SDWebImage.framework",
				"${BUILT_PRODUCTS_DIR}/lottie-ios/Lottie.framework",
			);
			name = "[CP] Embed Pods Frameworks";
			outputPaths = (
				"${TARGET_BUILD_DIR}/${FRAMEWORKS_FOLDER_PATH}/Bolts.framework",
				"${TARGET_BUILD_DIR}/${FRAMEWORKS_FOLDER_PATH}/Canvas.framework",
				"${TARGET_BUILD_DIR}/${FRAMEWORKS_FOLDER_PATH}/FBSDKCoreKit.framework",
				"${TARGET_BUILD_DIR}/${FRAMEWORKS_FOLDER_PATH}/FBSDKLoginKit.framework",
				"${TARGET_BUILD_DIR}/${FRAMEWORKS_FOLDER_PATH}/GTMOAuth2.framework",
				"${TARGET_BUILD_DIR}/${FRAMEWORKS_FOLDER_PATH}/GTMSessionFetcher.framework",
				"${TARGET_BUILD_DIR}/${FRAMEWORKS_FOLDER_PATH}/GoogleToolboxForMac.framework",
				"${TARGET_BUILD_DIR}/${FRAMEWORKS_FOLDER_PATH}/Pageboy.framework",
				"${TARGET_BUILD_DIR}/${FRAMEWORKS_FOLDER_PATH}/PureLayout.framework",
				"${TARGET_BUILD_DIR}/${FRAMEWORKS_FOLDER_PATH}/SDWebImage.framework",
				"${TARGET_BUILD_DIR}/${FRAMEWORKS_FOLDER_PATH}/Lottie.framework",
			);
			runOnlyForDeploymentPostprocessing = 0;
			shellPath = /bin/sh;
			shellScript = "\"${SRCROOT}/Pods/Target Support Files/Pods-Casinò di Venezia/Pods-Casinò di Venezia-frameworks.sh\"\n";
			showEnvVarsInLog = 0;
		};
		AC1BCC0A7E993C7B855BB227 /* [CP] Copy Pods Resources */ = {
			isa = PBXShellScriptBuildPhase;
			buildActionMask = 2147483647;
			files = (
			);
			inputPaths = (
				"${SRCROOT}/Pods/Target Support Files/Pods-Casinò di Venezia/Pods-Casinò di Venezia-resources.sh",
				"${PODS_CONFIGURATION_BUILD_DIR}/FirebaseUI/FirebaseAuthUI.bundle",
				"${PODS_CONFIGURATION_BUILD_DIR}/FirebaseUI/FirebaseFacebookAuthUI.bundle",
				"${PODS_CONFIGURATION_BUILD_DIR}/FirebaseUI/FirebaseGoogleAuthUI.bundle",
				"${PODS_ROOT}/GoogleSignIn/Resources/GoogleSignIn.bundle",
			);
			name = "[CP] Copy Pods Resources";
			outputPaths = (
				"${TARGET_BUILD_DIR}/${UNLOCALIZED_RESOURCES_FOLDER_PATH}/FirebaseAuthUI.bundle",
				"${TARGET_BUILD_DIR}/${UNLOCALIZED_RESOURCES_FOLDER_PATH}/FirebaseFacebookAuthUI.bundle",
				"${TARGET_BUILD_DIR}/${UNLOCALIZED_RESOURCES_FOLDER_PATH}/FirebaseGoogleAuthUI.bundle",
				"${TARGET_BUILD_DIR}/${UNLOCALIZED_RESOURCES_FOLDER_PATH}/GoogleSignIn.bundle",
			);
			runOnlyForDeploymentPostprocessing = 0;
			shellPath = /bin/sh;
			shellScript = "\"${SRCROOT}/Pods/Target Support Files/Pods-Casinò di Venezia/Pods-Casinò di Venezia-resources.sh\"\n";
			showEnvVarsInLog = 0;
		};
/* End PBXShellScriptBuildPhase section */

/* Begin PBXSourcesBuildPhase section */
		22CF4455181A9AD70062FC38 /* Sources */ = {
			isa = PBXSourcesBuildPhase;
			buildActionMask = 2147483647;
			files = (
				22208DD91F03F268007DA39D /* EventDetails.swift in Sources */,
				22208DDB1F06561A007DA39D /* CloseOnScrollDown.swift in Sources */,
				22C3C301202CAA26004E4145 /* Tornei.swift in Sources */,
				229583971EFCFDC700409D7A /* EventListCell.swift in Sources */,
				22E93AE11F0BF8D800675342 /* CasinoAnnotationView.swift in Sources */,
				22C3C303202D9B53004E4145 /* TorneiDetails.swift in Sources */,
				22630A271F0FBDAF00168D1F /* PersonDetailMapView.swift in Sources */,
				229AACCE202F0F9E00644394 /* Cuore.swift in Sources */,
				22208DDF1F067CBC007DA39D /* GradientInv.swift in Sources */,
				22208DD31F03C1A7007DA39D /* ButtonSpeaking.swift in Sources */,
				22E8A901202B5BAC000C3CBE /* Sezione.swift in Sources */,
				229583981EFCFDC700409D7A /* HomeController.swift in Sources */,
				22208DDD1F066F17007DA39D /* Gradient.swift in Sources */,
				225254271F06F4BB005F1FF7 /* CasinoAnnotation.swift in Sources */,
				22D406D82023281F00D71A6F /* StyleKit.swift in Sources */,
				22E8A905202C660F000C3CBE /* TorneiCell.swift in Sources */,
				22419E9D1F1932F400F4735A /* SignInViewController.swift in Sources */,
				22630A1F1F0F98AE00168D1F /* Location.swift in Sources */,
				22208DCF1EFD50EA007DA39D /* MenuBar.swift in Sources */,
				2227FF151F13CDDB0032AA30 /* UIView+BezierPaths.swift in Sources */,
				2214AD2E1F1661B900F9EBA7 /* LogInViewController.swift in Sources */,
				229583951EFCFDC700409D7A /* AppDelegate.swift in Sources */,
				229583961EFCFDC700409D7A /* Constants.swift in Sources */,
				2228F76B1F0A41E500F3C94A /* CanvasButton.swift in Sources */,
				22E8A908202C68CF000C3CBE /* LoadDatabase.swift in Sources */,
				2252541D1F06EFA8005F1FF7 /* MapsViewController.swift in Sources */,
				229583A01EFD13AA00409D7A /* Events.swift in Sources */,
				22899D8D201A00EE000CDE7E /* CMVLogInFirebaseUI.swift in Sources */,
				22EB73592024A43200759094 /* Quando.swift in Sources */,
				2227D59F1F0A78B500F09669 /* CircularTransition.swift in Sources */,
				22208DD71F03E61C007DA39D /* ExpandAnimator.swift in Sources */,
				22D406DB202328DF00D71A6F /* Dove.swift in Sources */,
				2276810A202C8E61009B308C /* VideoLuncher.swift in Sources */,
			);
			runOnlyForDeploymentPostprocessing = 0;
		};
		22CF4479181A9AD70062FC38 /* Sources */ = {
			isa = PBXSourcesBuildPhase;
			buildActionMask = 2147483647;
			files = (
				22CF448B181A9AD70062FC38 /* Casino__di_VeneziaTests.m in Sources */,
			);
			runOnlyForDeploymentPostprocessing = 0;
		};
/* End PBXSourcesBuildPhase section */

/* Begin PBXTargetDependency section */
		22CF4483181A9AD70062FC38 /* PBXTargetDependency */ = {
			isa = PBXTargetDependency;
			target = 22CF4458181A9AD70062FC38 /* Casinò di Venezia */;
			targetProxy = 22CF4482181A9AD70062FC38 /* PBXContainerItemProxy */;
		};
/* End PBXTargetDependency section */

/* Begin XCBuildConfiguration section */
		22CF448C181A9AD70062FC38 /* Debug */ = {
			isa = XCBuildConfiguration;
			buildSettings = {
				ALWAYS_SEARCH_USER_PATHS = NO;
				CLANG_ANALYZER_LOCALIZABILITY_NONLOCALIZED = YES;
				CLANG_CXX_LANGUAGE_STANDARD = "gnu++0x";
				CLANG_CXX_LIBRARY = "libc++";
				CLANG_ENABLE_MODULES = YES;
				CLANG_ENABLE_OBJC_ARC = YES;
				CLANG_WARN_BOOL_CONVERSION = YES;
				CLANG_WARN_CONSTANT_CONVERSION = YES;
				CLANG_WARN_DIRECT_OBJC_ISA_USAGE = YES_ERROR;
				CLANG_WARN_EMPTY_BODY = YES;
				CLANG_WARN_ENUM_CONVERSION = YES;
				CLANG_WARN_INFINITE_RECURSION = YES;
				CLANG_WARN_INT_CONVERSION = YES;
				CLANG_WARN_OBJC_ROOT_CLASS = YES_ERROR;
				CLANG_WARN_SUSPICIOUS_MOVE = YES;
				CLANG_WARN_UNREACHABLE_CODE = YES;
				CLANG_WARN__DUPLICATE_METHOD_MATCH = YES;
				CODE_SIGN_IDENTITY = "iPhone Developer: Pietro Michielan (HEMRV793PY)";
				"CODE_SIGN_IDENTITY[sdk=iphoneos*]" = "iPhone Developer: Pietro Michielan (HEMRV793PY)";
				COPY_PHASE_STRIP = NO;
				ENABLE_STRICT_OBJC_MSGSEND = YES;
				ENABLE_TESTABILITY = YES;
				GCC_C_LANGUAGE_STANDARD = gnu99;
				GCC_DYNAMIC_NO_PIC = NO;
				GCC_NO_COMMON_BLOCKS = NO;
				GCC_OPTIMIZATION_LEVEL = 0;
				GCC_PREPROCESSOR_DEFINITIONS = (
					"DEBUG=1",
					"$(inherited)",
				);
				GCC_SYMBOLS_PRIVATE_EXTERN = NO;
				GCC_WARN_64_TO_32_BIT_CONVERSION = YES;
				GCC_WARN_ABOUT_RETURN_TYPE = YES_ERROR;
				GCC_WARN_UNDECLARED_SELECTOR = YES;
				GCC_WARN_UNINITIALIZED_AUTOS = YES;
				GCC_WARN_UNUSED_FUNCTION = YES;
				GCC_WARN_UNUSED_VARIABLE = YES;
				IPHONEOS_DEPLOYMENT_TARGET = 11.1;
				LIBRARY_SEARCH_PATHS = "";
				ONLY_ACTIVE_ARCH = YES;
				OTHER_LDFLAGS = "";
				"OTHER_LDFLAGS[arch=*]" = "$(inherited)";
				PROVISIONING_PROFILE = "A87C6C6E-FA8E-4B27-8811-3E113465D33B";
				SDKROOT = iphoneos;
				TARGETED_DEVICE_FAMILY = "1,2";
			};
			name = Debug;
		};
		22CF448D181A9AD70062FC38 /* Release */ = {
			isa = XCBuildConfiguration;
			buildSettings = {
				ALWAYS_SEARCH_USER_PATHS = NO;
				CLANG_ANALYZER_LOCALIZABILITY_NONLOCALIZED = YES;
				CLANG_CXX_LANGUAGE_STANDARD = "gnu++0x";
				CLANG_CXX_LIBRARY = "libc++";
				CLANG_ENABLE_MODULES = YES;
				CLANG_ENABLE_OBJC_ARC = YES;
				CLANG_WARN_BOOL_CONVERSION = YES;
				CLANG_WARN_CONSTANT_CONVERSION = YES;
				CLANG_WARN_DIRECT_OBJC_ISA_USAGE = YES_ERROR;
				CLANG_WARN_EMPTY_BODY = YES;
				CLANG_WARN_ENUM_CONVERSION = YES;
				CLANG_WARN_INFINITE_RECURSION = YES;
				CLANG_WARN_INT_CONVERSION = YES;
				CLANG_WARN_OBJC_ROOT_CLASS = YES_ERROR;
				CLANG_WARN_SUSPICIOUS_MOVE = YES;
				CLANG_WARN_UNREACHABLE_CODE = YES;
				CLANG_WARN__DUPLICATE_METHOD_MATCH = YES;
				CODE_SIGN_IDENTITY = "iPhone Developer: Pietro Michielan (HEMRV793PY)";
				"CODE_SIGN_IDENTITY[sdk=iphoneos*]" = "iPhone Developer: Pietro Michielan (HEMRV793PY)";
				COPY_PHASE_STRIP = YES;
				ENABLE_NS_ASSERTIONS = NO;
				ENABLE_STRICT_OBJC_MSGSEND = YES;
				GCC_C_LANGUAGE_STANDARD = gnu99;
				GCC_NO_COMMON_BLOCKS = NO;
				GCC_WARN_64_TO_32_BIT_CONVERSION = YES;
				GCC_WARN_ABOUT_RETURN_TYPE = YES_ERROR;
				GCC_WARN_UNDECLARED_SELECTOR = YES;
				GCC_WARN_UNINITIALIZED_AUTOS = YES;
				GCC_WARN_UNUSED_FUNCTION = YES;
				GCC_WARN_UNUSED_VARIABLE = YES;
				IPHONEOS_DEPLOYMENT_TARGET = 11.1;
				LIBRARY_SEARCH_PATHS = "";
				OTHER_LDFLAGS = "";
				"OTHER_LDFLAGS[arch=*]" = "$(inherited)";
				PROVISIONING_PROFILE = "A87C6C6E-FA8E-4B27-8811-3E113465D33B";
				SDKROOT = iphoneos;
				SWIFT_OPTIMIZATION_LEVEL = "-Owholemodule";
				TARGETED_DEVICE_FAMILY = "1,2";
				VALIDATE_PRODUCT = YES;
			};
			name = Release;
		};
		22CF448F181A9AD70062FC38 /* Debug */ = {
			isa = XCBuildConfiguration;
			baseConfigurationReference = 0E8526CA15B3B18DA96C3E36 /* Pods-Casinò di Venezia.debug.xcconfig */;
			buildSettings = {
				ASSETCATALOG_COMPILER_APPICON_NAME = AppIcon;
				ASSETCATALOG_COMPILER_LAUNCHIMAGE_NAME = LaunchImage;
				CLANG_ENABLE_MODULES = YES;
				CODE_SIGN_ENTITLEMENTS = "Casinò di Venezia/Casinò di Venezia.entitlements";
				CODE_SIGN_IDENTITY = "iPhone Developer";
				"CODE_SIGN_IDENTITY[sdk=iphoneos*]" = "iPhone Developer";
				DEVELOPMENT_TEAM = 93MU66AW6P;
				ENABLE_BITCODE = NO;
				FRAMEWORK_SEARCH_PATHS = (
					"$(inherited)",
					"$(PROJECT_DIR)",
					"$(SRCROOT)",
				);
				GCC_PRECOMPILE_PREFIX_HEADER = YES;
				GCC_PREFIX_HEADER = "Casinò di Venezia/Casinò di Venezia-Prefix.pch";
				INFOPLIST_FILE = "Casinò di Venezia/Info.plist";
				IPHONEOS_DEPLOYMENT_TARGET = 11.1;
				LD_RUNPATH_SEARCH_PATHS = "$(inherited) @executable_path/Frameworks";
				LIBRARY_SEARCH_PATHS = (
					"$(inherited)",
					"$(PROJECT_DIR)",
					"$(PROJECT_DIR)/Casinò\\ di\\ Venezia",
				);
				OTHER_LDFLAGS = "$(inherited)";
				"OTHER_LDFLAGS[arch=*]" = "$(inherited)";
				PRODUCT_BUNDLE_IDENTIFIER = "it.casinovenezia.${PRODUCT_NAME:rfc1034identifier}";
				PRODUCT_NAME = "$(TARGET_NAME)";
				PROVISIONING_PROFILE = "";
				SWIFT_OBJC_BRIDGING_HEADER = "";
				SWIFT_OPTIMIZATION_LEVEL = "-Onone";
				SWIFT_VERSION = 3.0;
				WRAPPER_EXTENSION = app;
			};
			name = Debug;
		};
		22CF4490181A9AD70062FC38 /* Release */ = {
			isa = XCBuildConfiguration;
			baseConfigurationReference = F86106F5BAC1D488CEE70E8D /* Pods-Casinò di Venezia.release.xcconfig */;
			buildSettings = {
				ASSETCATALOG_COMPILER_APPICON_NAME = AppIcon;
				ASSETCATALOG_COMPILER_LAUNCHIMAGE_NAME = LaunchImage;
				CLANG_ENABLE_MODULES = YES;
				CODE_SIGN_ENTITLEMENTS = "Casinò di Venezia/Casinò di Venezia.entitlements";
				CODE_SIGN_IDENTITY = "iPhone Developer";
				"CODE_SIGN_IDENTITY[sdk=iphoneos*]" = "iPhone Developer";
				DEVELOPMENT_TEAM = 93MU66AW6P;
				ENABLE_BITCODE = NO;
				FRAMEWORK_SEARCH_PATHS = (
					"$(inherited)",
					"$(PROJECT_DIR)",
					"$(SRCROOT)",
				);
				GCC_PRECOMPILE_PREFIX_HEADER = YES;
				GCC_PREFIX_HEADER = "Casinò di Venezia/Casinò di Venezia-Prefix.pch";
				INFOPLIST_FILE = "Casinò di Venezia/Info.plist";
				IPHONEOS_DEPLOYMENT_TARGET = 11.1;
				LD_RUNPATH_SEARCH_PATHS = "$(inherited) @executable_path/Frameworks";
				LIBRARY_SEARCH_PATHS = (
					"$(inherited)",
					"$(PROJECT_DIR)",
					"$(PROJECT_DIR)/Casinò\\ di\\ Venezia",
				);
				OTHER_LDFLAGS = "$(inherited)";
				"OTHER_LDFLAGS[arch=*]" = "$(inherited)";
				PRODUCT_BUNDLE_IDENTIFIER = "it.casinovenezia.${PRODUCT_NAME:rfc1034identifier}";
				PRODUCT_NAME = "$(TARGET_NAME)";
				PROVISIONING_PROFILE = "";
				SWIFT_OBJC_BRIDGING_HEADER = "";
				SWIFT_VERSION = 3.0;
				WRAPPER_EXTENSION = app;
			};
			name = Release;
		};
		22CF4492181A9AD70062FC38 /* Debug */ = {
			isa = XCBuildConfiguration;
			baseConfigurationReference = DA45BB608DD76C9B8ED16D0E /* Pods-Casinò di VeneziaTests.debug.xcconfig */;
			buildSettings = {
				ALWAYS_EMBED_SWIFT_STANDARD_LIBRARIES = YES;
				BUNDLE_LOADER = "$(BUILT_PRODUCTS_DIR)/Casinò di Venezia.app/Casinò di Venezia";
				CODE_SIGN_IDENTITY = "iPhone Developer";
				"CODE_SIGN_IDENTITY[sdk=iphoneos*]" = "iPhone Developer";
				FRAMEWORK_SEARCH_PATHS = (
					"$(SDKROOT)/Developer/Library/Frameworks",
					"$(inherited)",
					"$(DEVELOPER_FRAMEWORKS_DIR)",
				);
				GCC_PRECOMPILE_PREFIX_HEADER = YES;
				GCC_PREFIX_HEADER = "Casinò di Venezia/Casinò di Venezia-Prefix.pch";
				GCC_PREPROCESSOR_DEFINITIONS = (
					"DEBUG=1",
					"$(inherited)",
				);
				INFOPLIST_FILE = "";
				LIBRARY_SEARCH_PATHS = "";
				PRODUCT_BUNDLE_IDENTIFIER = "it.casinovenezia.${PRODUCT_NAME:rfc1034identifier}";
				PRODUCT_NAME = "$(TARGET_NAME)";
				PROVISIONING_PROFILE = "";
				TEST_HOST = "$(BUNDLE_LOADER)";
				WRAPPER_EXTENSION = xctest;
			};
			name = Debug;
		};
		22CF4493181A9AD70062FC38 /* Release */ = {
			isa = XCBuildConfiguration;
			baseConfigurationReference = E39FA7C9CB046AA71D005EB0 /* Pods-Casinò di VeneziaTests.release.xcconfig */;
			buildSettings = {
				ALWAYS_EMBED_SWIFT_STANDARD_LIBRARIES = YES;
				BUNDLE_LOADER = "$(BUILT_PRODUCTS_DIR)/Casinò di Venezia.app/Casinò di Venezia";
				CODE_SIGN_IDENTITY = "iPhone Developer";
				"CODE_SIGN_IDENTITY[sdk=iphoneos*]" = "iPhone Developer";
				FRAMEWORK_SEARCH_PATHS = (
					"$(SDKROOT)/Developer/Library/Frameworks",
					"$(inherited)",
					"$(DEVELOPER_FRAMEWORKS_DIR)",
				);
				GCC_PRECOMPILE_PREFIX_HEADER = YES;
				GCC_PREFIX_HEADER = "Casinò di Venezia/Casinò di Venezia-Prefix.pch";
				INFOPLIST_FILE = "";
				LIBRARY_SEARCH_PATHS = "";
				PRODUCT_BUNDLE_IDENTIFIER = "it.casinovenezia.${PRODUCT_NAME:rfc1034identifier}";
				PRODUCT_NAME = "$(TARGET_NAME)";
				PROVISIONING_PROFILE = "";
				TEST_HOST = "$(BUNDLE_LOADER)";
				WRAPPER_EXTENSION = xctest;
			};
			name = Release;
		};
/* End XCBuildConfiguration section */

/* Begin XCConfigurationList section */
		22CF4454181A9AD70062FC38 /* Build configuration list for PBXProject "Casinò di Venezia" */ = {
			isa = XCConfigurationList;
			buildConfigurations = (
				22CF448C181A9AD70062FC38 /* Debug */,
				22CF448D181A9AD70062FC38 /* Release */,
			);
			defaultConfigurationIsVisible = 0;
			defaultConfigurationName = Release;
		};
		22CF448E181A9AD70062FC38 /* Build configuration list for PBXNativeTarget "Casinò di Venezia" */ = {
			isa = XCConfigurationList;
			buildConfigurations = (
				22CF448F181A9AD70062FC38 /* Debug */,
				22CF4490181A9AD70062FC38 /* Release */,
			);
			defaultConfigurationIsVisible = 0;
			defaultConfigurationName = Release;
		};
		22CF4491181A9AD70062FC38 /* Build configuration list for PBXNativeTarget "Casinò di VeneziaTests" */ = {
			isa = XCConfigurationList;
			buildConfigurations = (
				22CF4492181A9AD70062FC38 /* Debug */,
				22CF4493181A9AD70062FC38 /* Release */,
			);
			defaultConfigurationIsVisible = 0;
			defaultConfigurationName = Release;
		};
/* End XCConfigurationList section */
	};
	rootObject = 22CF4451181A9AD70062FC38 /* Project object */;
}
